
Microsoft Visual Studio Solution File, Format Version 12.00
# Visual Studio Version 17
VisualStudioVersion = 17.5.33516.290
MinimumVisualStudioVersion = 10.0.40219.1
Project("{FAE04EC0-301F-11D3-BF4B-00C04F79EFBC}") = "Bynd9", "Bynd9\Bynd9.csproj", "{76CE3DA9-BADE-41CC-8B71-D1763D8431B5}"
EndProject
Global
	GlobalSection(SolutionConfigurationPlatforms) = preSolution
		Debug|Any CPU = Debug|Any CPU
		Release|Any CPU = Release|Any CPU
	EndGlobalSection
	GlobalSection(ProjectConfigurationPlatforms) = postSolution
		{76CE3DA9-BADE-41CC-8B71-D1763D8431B5}.Debug|Any CPU.ActiveCfg = Debug|Any CPU
		{76CE3DA9-BADE-41CC-8B71-D1763D8431B5}.Debug|Any CPU.Build.0 = Debug|Any CPU
		{76CE3DA9-BADE-41CC-8B71-D1763D8431B5}.Release|Any CPU.ActiveCfg = Release|Any CPU
		{76CE3DA9-BADE-41CC-8B71-D1763D8431B5}.Release|Any CPU.Build.0 = Release|Any CPU
	EndGlobalSection
	GlobalSection(SolutionProperties) = preSolution
		HideSolutionNode = FALSE
	EndGlobalSection
	GlobalSection(ExtensibilityGlobals) = postSolution
		SolutionGuid = {D769EBAC-317F-40EE-88D6-DF23B40E96D5}
	EndGlobalSection
EndGlobal
